# THIS IS AN AUTOGENERATED FILE. DO NOT EDIT THIS FILE DIRECTLY.
# yarn lockfile v1


vuetify@^3.0.0:
  version "3.0.0"
  resolved "https://registry.yarnpkg.com/vuetify/-/vuetify-3.0.0.tgz#372eed0663f0ffba53439cd99aa46031e560b0f4"
  integrity sha512-0olLmKWb+oTaebGTM02+1fWaAgnGDuIt86K3jDv2LnALQ2atSzhDS1SSASJsJCZ2PgFBdDAeJVLcNWWavRYAlQ==
